<?xml version="1.0" encoding="utf-8"?>
<Project ToolsVersion="4.0" xmlns="http://schemas.microsoft.com/developer/msbuild/2003">
  <ItemGroup>
    <Filter Include="源文件">
      <UniqueIdentifier>{4FC737F1-C7A5-4376-A066-2A32D752A2FF}</UniqueIdentifier>
      <Extensions>cpp;c;cc;cxx;c++;cppm;ixx;def;odl;idl;hpj;bat;asm;asmx</Extensions>
    </Filter>
    <Filter Include="资源文件">
      <UniqueIdentifier>{67DA6AB6-F800-4c08-8B7A-83BB121AAD01}</UniqueIdentifier>
      <Extensions>rc;ico;cur;bmp;dlg;rc2;rct;bin;rgs;gif;jpg;jpeg;jpe;resx;tiff;tif;png;wav;mfcribbon-ms</Extensions>
    </Filter>
    <Filter Include="riot_lcu">
      <UniqueIdentifier>{b87c2b62-f52c-4dac-9a2c-4abd23d2c728}</UniqueIdentifier>
    </Filter>
    <Filter Include="connect_my_service">
      <UniqueIdentifier>{b2e177b3-4732-4516-9864-e39b59b2d624}</UniqueIdentifier>
    </Filter>
    <Filter Include="ui">
      <UniqueIdentifier>{93995380-89BD-4b04-88EB-625FBE52EBFB}</UniqueIdentifier>
      <Extensions>h;hh;hpp;hxx;h++;hm;inl;inc;ipp;xsd</Extensions>
    </Filter>
    <Filter Include="ui\ui_items">
      <UniqueIdentifier>{2d158cba-d150-46c6-8977-d46a89110e6f}</UniqueIdentifier>
    </Filter>
    <Filter Include="system">
      <UniqueIdentifier>{5e4e01d5-0917-4ff3-9cbb-a54c88047567}</UniqueIdentifier>
    </Filter>
    <Filter Include="ui\main_ui">
      <UniqueIdentifier>{ddfd0f03-182b-45d3-ac7e-02a98c558093}</UniqueIdentifier>
    </Filter>
    <Filter Include="ui\ui_items\champion_items">
      <UniqueIdentifier>{a5fc1f5b-d515-404e-998f-a30133410821}</UniqueIdentifier>
    </Filter>
    <Filter Include="ui\ui_items\match_data_items">
      <UniqueIdentifier>{0ed4df9c-fe0d-4e31-83af-1b67ec9db58f}</UniqueIdentifier>
    </Filter>
    <Filter Include="download_game_res">
      <UniqueIdentifier>{ffccf163-4c97-4a75-81c2-e0ad6e91581e}</UniqueIdentifier>
    </Filter>
    <Filter Include="thread">
      <UniqueIdentifier>{63eafe83-7901-4dcd-b863-3baf38720f4d}</UniqueIdentifier>
    </Filter>
    <Filter Include="ui\helper_pop_ui">
      <UniqueIdentifier>{c4549290-f249-427e-af06-f00759fae864}</UniqueIdentifier>
    </Filter>
    <Filter Include="ui\helper_pop_ui\detail_datas_pop_ui">
      <UniqueIdentifier>{1504ae14-7898-4ff1-99c1-29936e32a3dc}</UniqueIdentifier>
    </Filter>
    <Filter Include="ui\ui_items\details_items">
      <UniqueIdentifier>{9a663eb9-1a62-46c0-ba9b-8c8036b1b919}</UniqueIdentifier>
    </Filter>
    <Filter Include="riot_lcu\lcu_api_result_bean">
      <UniqueIdentifier>{ec257c9a-db03-4608-8ff1-91d145155d5f}</UniqueIdentifier>
    </Filter>
    <Filter Include="helpers">
      <UniqueIdentifier>{154fb5cb-6bad-427f-8836-3e362d72620b}</UniqueIdentifier>
    </Filter>
    <Filter Include="ui\helper_setting_ui">
      <UniqueIdentifier>{4bdb0e8a-99cc-4f31-8bb7-a510876a7ca9}</UniqueIdentifier>
    </Filter>
    <Filter Include="ui\helper_setting_ui\lock_champ_ui">
      <UniqueIdentifier>{ae877e98-e258-48b3-ae52-2a3a37c6f8d9}</UniqueIdentifier>
    </Filter>
    <Filter Include="ui\helper_setting_ui\item_ui">
      <UniqueIdentifier>{90259d43-dc81-4fef-a343-c2c04acda641}</UniqueIdentifier>
    </Filter>
    <Filter Include="ui\helper_setting_ui\lova_champ_ui">
      <UniqueIdentifier>{bd5bc574-3ac7-420b-86d6-ee30b16dd32c}</UniqueIdentifier>
    </Filter>
  </ItemGroup>
  <ItemGroup>
    <ClCompile Include="main.cpp">
      <Filter>ui</Filter>
    </ClCompile>
    <ClCompile Include="lcu_riot\config.cpp">
      <Filter>riot_lcu</Filter>
    </ClCompile>
    <ClCompile Include="lcu_riot\lcu_api.cpp">
      <Filter>riot_lcu</Filter>
    </ClCompile>
    <ClCompile Include="lcu_riot\request_utils.cpp">
      <Filter>riot_lcu</Filter>
    </ClCompile>
    <ClCompile Include="dynamic_skin.cpp">
      <Filter>connect_my_service</Filter>
    </ClCompile>
    <ClCompile Include="basic_form.cpp">
      <Filter>ui\main_ui</Filter>
    </ClCompile>
    <ClCompile Include="pop_form.cpp">
      <Filter>ui\helper_pop_ui</Filter>
    </ClCompile>
    <ClCompile Include="item.cpp">
      <Filter>ui\ui_items\champion_items</Filter>
    </ClCompile>
    <ClCompile Include="match_items.h">
      <Filter>ui\ui_items\match_data_items</Filter>
    </ClCompile>
    <ClCompile Include="match_items.cpp">
      <Filter>ui\ui_items\match_data_items</Filter>
    </ClCompile>
    <ClCompile Include="game_resource.cpp">
      <Filter>download_game_res</Filter>
    </ClCompile>
    <ClCompile Include="MiscThread.cpp">
      <Filter>thread</Filter>
    </ClCompile>
    <ClCompile Include="details_pop.cpp">
      <Filter>ui\helper_pop_ui\detail_datas_pop_ui</Filter>
    </ClCompile>
    <ClCompile Include="details_items_ui.cpp">
      <Filter>ui\ui_items\details_items</Filter>
    </ClCompile>
    <ClCompile Include="utils.cpp">
      <Filter>system</Filter>
    </ClCompile>
    <ClCompile Include="global_.cpp">
      <Filter>system</Filter>
    </ClCompile>
    <ClCompile Include="game_helper.cpp">
      <Filter>helpers</Filter>
    </ClCompile>
    <ClCompile Include="helper_setting.cpp">
      <Filter>ui\helper_setting_ui</Filter>
    </ClCompile>
    <ClCompile Include="lock_champs_ui.cpp">
      <Filter>ui\helper_setting_ui\lock_champ_ui</Filter>
    </ClCompile>
    <ClCompile Include="champ_ui.cpp">
      <Filter>ui\helper_setting_ui\item_ui</Filter>
    </ClCompile>
    <ClCompile Include="VirtualTileBox.cpp">
      <Filter>ui\helper_setting_ui\item_ui</Filter>
    </ClCompile>
    <ClCompile Include="provider.cpp">
      <Filter>ui\helper_setting_ui\item_ui</Filter>
    </ClCompile>
    <ClCompile Include="lova_champ_ui.cpp">
      <Filter>ui\helper_setting_ui\lova_champ_ui</Filter>
    </ClCompile>
  </ItemGroup>
  <ItemGroup>
    <ClInclude Include="main.h">
      <Filter>ui</Filter>
    </ClInclude>
    <ClInclude Include="lcu_riot\config.h">
      <Filter>riot_lcu</Filter>
    </ClInclude>
    <ClInclude Include="lcu_riot\json.hpp">
      <Filter>riot_lcu</Filter>
    </ClInclude>
    <ClInclude Include="lcu_riot\lcu_api.h">
      <Filter>riot_lcu</Filter>
    </ClInclude>
    <ClInclude Include="lcu_riot\request_utils.h">
      <Filter>riot_lcu</Filter>
    </ClInclude>
    <ClInclude Include="lcu_riot\struct.h">
      <Filter>riot_lcu</Filter>
    </ClInclude>
    <ClInclude Include="resource.h">
      <Filter>ui</Filter>
    </ClInclude>
    <ClInclude Include="dynamic_skin.h">
      <Filter>connect_my_service</Filter>
    </ClInclude>
    <ClInclude Include="utils.h">
      <Filter>system</Filter>
    </ClInclude>
    <ClInclude Include="basic_form.h">
      <Filter>ui\main_ui</Filter>
    </ClInclude>
    <ClInclude Include="pop_form.h">
      <Filter>ui\helper_pop_ui</Filter>
    </ClInclude>
    <ClInclude Include="item.h">
      <Filter>ui\ui_items\champion_items</Filter>
    </ClInclude>
    <ClInclude Include="game_resource.h">
      <Filter>download_game_res</Filter>
    </ClInclude>
    <ClInclude Include="MiscThread.h">
      <Filter>thread</Filter>
    </ClInclude>
    <ClInclude Include="details_pop.h">
      <Filter>ui\helper_pop_ui\detail_datas_pop_ui</Filter>
    </ClInclude>
    <ClInclude Include="details_items_ui.h">
      <Filter>ui\ui_items\details_items</Filter>
    </ClInclude>
    <ClInclude Include="GameItemsConstants.h">
      <Filter>riot_lcu</Filter>
    </ClInclude>
    <ClInclude Include="global_.h">
      <Filter>system</Filter>
    </ClInclude>
    <ClInclude Include="lcu_structs.hpp">
      <Filter>riot_lcu\lcu_api_result_bean</Filter>
    </ClInclude>
    <ClInclude Include="game_helper.h">
      <Filter>helpers</Filter>
    </ClInclude>
    <ClInclude Include="helper_setting.h">
      <Filter>ui\helper_setting_ui</Filter>
    </ClInclude>
    <ClInclude Include="lock_champs_ui.h">
      <Filter>ui\helper_setting_ui\lock_champ_ui</Filter>
    </ClInclude>
    <ClInclude Include="champ_ui.h">
      <Filter>ui\helper_setting_ui\item_ui</Filter>
    </ClInclude>
    <ClInclude Include="VirtualTileBox.h">
      <Filter>ui\helper_setting_ui\item_ui</Filter>
    </ClInclude>
    <ClInclude Include="provider.h">
      <Filter>ui\helper_setting_ui\item_ui</Filter>
    </ClInclude>
    <ClInclude Include="lova_champ_ui.h">
      <Filter>ui\helper_setting_ui\lova_champ_ui</Filter>
    </ClInclude>
  </ItemGroup>
  <ItemGroup>
    <ResourceCompile Include="LOL_helper.rc">
      <Filter>资源文件</Filter>
    </ResourceCompile>
  </ItemGroup>
  <ItemGroup>
    <Image Include="..\..\..\..\Desktop\wokrn\musedash修改器\ICO4.ico">
      <Filter>资源文件</Filter>
    </Image>
  </ItemGroup>
  <ItemGroup>
    <None Include="..\..\..\..\desktop\wokrn\musedash修改器\resoucrs.bin">
      <Filter>资源文件</Filter>
    </None>
    <None Include="..\resources.zip" />
    <None Include="factory.h">
      <Filter>riot_lcu</Filter>
    </None>
  </ItemGroup>
</Project>