
Microsoft Visual Studio Solution File, Format Version 12.00
# Visual Studio Version 16
VisualStudioVersion = 16.0.33529.622
MinimumVisualStudioVersion = 10.0.40219.1
Project("{8BC9CEB8-8B4A-11D0-8D11-00A0C91BC942}") = "LOL_helper", "LOL_helper\LOL_helper.vcxproj", "{119FE8AC-E0E8-4BD6-B5ED-FB6544E346EF}"
EndProject
Project("{2150E333-8FDC-42A3-9474-1A3956D46DE8}") = "NewFolder1", "NewFolder1", "{4323544A-4E22-43E5-9D72-D677EF71D676}"
EndProject
Project("{8BC9CEB8-8B4A-11D0-8D11-00A0C91BC942}") = "base", "D:\download\NIM_Duilib_Framework-1.0.0\base\base.vcxproj", "{8D9A6595-717A-41C8-B468-0011A72BE3D1}"
EndProject
Project("{8BC9CEB8-8B4A-11D0-8D11-00A0C91BC942}") = "duilib", "D:\download\NIM_Duilib_Framework-1.0.0\duilib\duilib.vcxproj", "{E106ACD7-4E53-4AEE-942B-D0DD426DB34E}"
EndProject
Global
	GlobalSection(SolutionConfigurationPlatforms) = preSolution
		Debug|x64 = Debug|x64
		Debug|x86 = Debug|x86
		Release|x64 = Release|x64
		Release|x86 = Release|x86
	EndGlobalSection
	GlobalSection(ProjectConfigurationPlatforms) = postSolution
		{119FE8AC-E0E8-4BD6-B5ED-FB6544E346EF}.Debug|x64.ActiveCfg = Debug|x64
		{119FE8AC-E0E8-4BD6-B5ED-FB6544E346EF}.Debug|x64.Build.0 = Debug|x64
		{119FE8AC-E0E8-4BD6-B5ED-FB6544E346EF}.Debug|x86.ActiveCfg = Debug|Win32
		{119FE8AC-E0E8-4BD6-B5ED-FB6544E346EF}.Debug|x86.Build.0 = Debug|Win32
		{119FE8AC-E0E8-4BD6-B5ED-FB6544E346EF}.Release|x64.ActiveCfg = Release|x64
		{119FE8AC-E0E8-4BD6-B5ED-FB6544E346EF}.Release|x64.Build.0 = Release|x64
		{119FE8AC-E0E8-4BD6-B5ED-FB6544E346EF}.Release|x86.ActiveCfg = Release|Win32
		{119FE8AC-E0E8-4BD6-B5ED-FB6544E346EF}.Release|x86.Build.0 = Release|Win32
		{8D9A6595-717A-41C8-B468-0011A72BE3D1}.Debug|x64.ActiveCfg = Debug|x64
		{8D9A6595-717A-41C8-B468-0011A72BE3D1}.Debug|x64.Build.0 = Debug|x64
		{8D9A6595-717A-41C8-B468-0011A72BE3D1}.Debug|x86.ActiveCfg = Debug|Win32
		{8D9A6595-717A-41C8-B468-0011A72BE3D1}.Debug|x86.Build.0 = Debug|Win32
		{8D9A6595-717A-41C8-B468-0011A72BE3D1}.Release|x64.ActiveCfg = Release|x64
		{8D9A6595-717A-41C8-B468-0011A72BE3D1}.Release|x64.Build.0 = Release|x64
		{8D9A6595-717A-41C8-B468-0011A72BE3D1}.Release|x86.ActiveCfg = Release|Win32
		{8D9A6595-717A-41C8-B468-0011A72BE3D1}.Release|x86.Build.0 = Release|Win32
		{E106ACD7-4E53-4AEE-942B-D0DD426DB34E}.Debug|x64.ActiveCfg = Debug|x64
		{E106ACD7-4E53-4AEE-942B-D0DD426DB34E}.Debug|x64.Build.0 = Debug|x64
		{E106ACD7-4E53-4AEE-942B-D0DD426DB34E}.Debug|x86.ActiveCfg = Debug|Win32
		{E106ACD7-4E53-4AEE-942B-D0DD426DB34E}.Debug|x86.Build.0 = Debug|Win32
		{E106ACD7-4E53-4AEE-942B-D0DD426DB34E}.Release|x64.ActiveCfg = Release|x64
		{E106ACD7-4E53-4AEE-942B-D0DD426DB34E}.Release|x64.Build.0 = Release|x64
		{E106ACD7-4E53-4AEE-942B-D0DD426DB34E}.Release|x86.ActiveCfg = Release|Win32
		{E106ACD7-4E53-4AEE-942B-D0DD426DB34E}.Release|x86.Build.0 = Release|Win32
	EndGlobalSection
	GlobalSection(SolutionProperties) = preSolution
		HideSolutionNode = FALSE
	EndGlobalSection
	GlobalSection(NestedProjects) = preSolution
		{8D9A6595-717A-41C8-B468-0011A72BE3D1} = {4323544A-4E22-43E5-9D72-D677EF71D676}
		{E106ACD7-4E53-4AEE-942B-D0DD426DB34E} = {4323544A-4E22-43E5-9D72-D677EF71D676}
	EndGlobalSection
	GlobalSection(ExtensibilityGlobals) = postSolution
		SolutionGuid = {337FC35C-C327-4810-993B-9611E6B68649}
	EndGlobalSection
EndGlobal
